
Microsoft Visual Studio Solution File, Format Version 12.00
# Visual Studio Version 17
VisualStudioVersion = 17.14.36202.13 d17.14
MinimumVisualStudioVersion = 10.0.40219.1
Project("{FAE04EC0-301F-11D3-BF4B-00C04F79EFBC}") = "MovieLibrary", "MovieLibrary.csproj", "{624AE879-CBEA-4ADD-B74D-F54D1B066540}"
EndProject
Global
	GlobalSection(SolutionConfigurationPlatforms) = preSolution
		Debug|Any CPU = Debug|Any CPU
		Release|Any CPU = Release|Any CPU
	EndGlobalSection
	GlobalSection(ProjectConfigurationPlatforms) = postSolution
		{624AE879-CBEA-4ADD-B74D-F54D1B066540}.Debug|Any CPU.ActiveCfg = Debug|Any CPU
		{624AE879-CBEA-4ADD-B74D-F54D1B066540}.Debug|Any CPU.Build.0 = Debug|Any CPU
		{624AE879-CBEA-4ADD-B74D-F54D1B066540}.Release|Any CPU.ActiveCfg = Release|Any CPU
		{624AE879-CBEA-4ADD-B74D-F54D1B066540}.Release|Any CPU.Build.0 = Release|Any CPU
	EndGlobalSection
	GlobalSection(SolutionProperties) = preSolution
		HideSolutionNode = FALSE
	EndGlobalSection
	GlobalSection(ExtensibilityGlobals) = postSolution
		SolutionGuid = {F48EFFEB-A9B8-4065-B1AB-C7E48561C923}
	EndGlobalSection
EndGlobal
